// !$*UTF8*$!
{
	archiveVersion = 1;
	classes = {
	};
	objectVersion = 56;
	objects = {

/* Begin PBXBuildFile section */
		2F17C3772BE8090E0092FEB9 /* SplashScreenView.swift in Sources */ = {isa = PBXBuildFile; fileRef = 2F17C3762BE8090E0092FEB9 /* SplashScreenView.swift */; };
		2FB5A3A42BF020460091B95B /* RecipeDetailView.swift in Sources */ = {isa = PBXBuildFile; fileRef = 2FB5A3A32BF020460091B95B /* RecipeDetailView.swift */; };
		2FB5A3A62BF027010091B95B /* RecipeRow.swift in Sources */ = {isa = PBXBuildFile; fileRef = 2FB5A3A52BF027010091B95B /* RecipeRow.swift */; };
		2FB5A3AA2BF02C920091B95B /* DetailChipView.swift in Sources */ = {isa = PBXBuildFile; fileRef = 2FB5A3A92BF02C920091B95B /* DetailChipView.swift */; };
		2FB5A3AC2BF02CC10091B95B /* CollapsibleSectionView.swift in Sources */ = {isa = PBXBuildFile; fileRef = 2FB5A3AB2BF02CC10091B95B /* CollapsibleSectionView.swift */; };
		2FB5A3AE2BF1811F0091B95B /* FavoritesManager.swift in Sources */ = {isa = PBXBuildFile; fileRef = 2FB5A3AD2BF1811F0091B95B /* FavoritesManager.swift */; };
		2FB5A3B02BF186770091B95B /* MainView.swift in Sources */ = {isa = PBXBuildFile; fileRef = 2FB5A3AF2BF186770091B95B /* MainView.swift */; };
		2FB5A3B32BF186A20091B95B /* MealPlannerView.swift in Sources */ = {isa = PBXBuildFile; fileRef = 2FB5A3B22BF186A20091B95B /* MealPlannerView.swift */; };
		2FB5A3B62BF186BA0091B95B /* FavoritesView.swift in Sources */ = {isa = PBXBuildFile; fileRef = 2FB5A3B52BF186BA0091B95B /* FavoritesView.swift */; };
		2FB5A3B82BF18CB00091B95B /* FavoritesViewModel.swift in Sources */ = {isa = PBXBuildFile; fileRef = 2FB5A3B72BF18CB00091B95B /* FavoritesViewModel.swift */; };
		2FB5A3BA2BF193BC0091B95B /* RecipesViewModel.swift in Sources */ = {isa = PBXBuildFile; fileRef = 2FB5A3B92BF193BC0091B95B /* RecipesViewModel.swift */; };
		2FB5A3BC2BF1A6B40091B95B /* ImageCache.swift in Sources */ = {isa = PBXBuildFile; fileRef = 2FB5A3BB2BF1A6B40091B95B /* ImageCache.swift */; };
		2FB5A3BF2BF1A7920091B95B /* CachedImageView.swift in Sources */ = {isa = PBXBuildFile; fileRef = 2FB5A3BE2BF1A7920091B95B /* CachedImageView.swift */; };
		2FB5A3C32BF205870091B95B /* MealPlannerViewModel.swift in Sources */ = {isa = PBXBuildFile; fileRef = 2FB5A3C22BF205870091B95B /* MealPlannerViewModel.swift */; };
		2FE7907F2BE3FAA900E9ABAD /* DishJourneyApp.swift in Sources */ = {isa = PBXBuildFile; fileRef = 2FE7907E2BE3FAA900E9ABAD /* DishJourneyApp.swift */; };
		2FE790832BE3FAAA00E9ABAD /* Assets.xcassets in Resources */ = {isa = PBXBuildFile; fileRef = 2FE790822BE3FAAA00E9ABAD /* Assets.xcassets */; };
		2FE790862BE3FAAA00E9ABAD /* Preview Assets.xcassets in Resources */ = {isa = PBXBuildFile; fileRef = 2FE790852BE3FAAA00E9ABAD /* Preview Assets.xcassets */; };
		2FE790942BE3FE0200E9ABAD /* Recipe.swift in Sources */ = {isa = PBXBuildFile; fileRef = 2FE790932BE3FE0200E9ABAD /* Recipe.swift */; };
		2FE7909A2BE49E5B00E9ABAD /* ApiService.swift in Sources */ = {isa = PBXBuildFile; fileRef = 2FE790992BE49E5B00E9ABAD /* ApiService.swift */; };
		2FE7909C2BE4A11200E9ABAD /* RecipesView.swift in Sources */ = {isa = PBXBuildFile; fileRef = 2FE7909B2BE4A11200E9ABAD /* RecipesView.swift */; };
		2FE7909E2BE4A12800E9ABAD /* TagView.swift in Sources */ = {isa = PBXBuildFile; fileRef = 2FE7909D2BE4A12800E9ABAD /* TagView.swift */; };
		2FE790A22BE5A9AF00E9ABAD /* ClearableTextField.swift in Sources */ = {isa = PBXBuildFile; fileRef = 2FE790A12BE5A9AF00E9ABAD /* ClearableTextField.swift */; };
/* End PBXBuildFile section */

/* Begin PBXFileReference section */
		2F17C3762BE8090E0092FEB9 /* SplashScreenView.swift */ = {isa = PBXFileReference; lastKnownFileType = sourcecode.swift; path = SplashScreenView.swift; sourceTree = "<group>"; };
		2FB5A3A32BF020460091B95B /* RecipeDetailView.swift */ = {isa = PBXFileReference; lastKnownFileType = sourcecode.swift; path = RecipeDetailView.swift; sourceTree = "<group>"; };
		2FB5A3A52BF027010091B95B /* RecipeRow.swift */ = {isa = PBXFileReference; lastKnownFileType = sourcecode.swift; path = RecipeRow.swift; sourceTree = "<group>"; };
		2FB5A3A92BF02C920091B95B /* DetailChipView.swift */ = {isa = PBXFileReference; lastKnownFileType = sourcecode.swift; path = DetailChipView.swift; sourceTree = "<group>"; };
		2FB5A3AB2BF02CC10091B95B /* CollapsibleSectionView.swift */ = {isa = PBXFileReference; lastKnownFileType = sourcecode.swift; path = CollapsibleSectionView.swift; sourceTree = "<group>"; };
		2FB5A3AD2BF1811F0091B95B /* FavoritesManager.swift */ = {isa = PBXFileReference; lastKnownFileType = sourcecode.swift; path = FavoritesManager.swift; sourceTree = "<group>"; };
		2FB5A3AF2BF186770091B95B /* MainView.swift */ = {isa = PBXFileReference; lastKnownFileType = sourcecode.swift; path = MainView.swift; sourceTree = "<group>"; };
		2FB5A3B22BF186A20091B95B /* MealPlannerView.swift */ = {isa = PBXFileReference; lastKnownFileType = sourcecode.swift; path = MealPlannerView.swift; sourceTree = "<group>"; };
		2FB5A3B52BF186BA0091B95B /* FavoritesView.swift */ = {isa = PBXFileReference; lastKnownFileType = sourcecode.swift; path = FavoritesView.swift; sourceTree = "<group>"; };
		2FB5A3B72BF18CB00091B95B /* FavoritesViewModel.swift */ = {isa = PBXFileReference; lastKnownFileType = sourcecode.swift; path = FavoritesViewModel.swift; sourceTree = "<group>"; };
		2FB5A3B92BF193BC0091B95B /* RecipesViewModel.swift */ = {isa = PBXFileReference; lastKnownFileType = sourcecode.swift; path = RecipesViewModel.swift; sourceTree = "<group>"; };
		2FB5A3BB2BF1A6B40091B95B /* ImageCache.swift */ = {isa = PBXFileReference; lastKnownFileType = sourcecode.swift; path = ImageCache.swift; sourceTree = "<group>"; };
		2FB5A3BE2BF1A7920091B95B /* CachedImageView.swift */ = {isa = PBXFileReference; lastKnownFileType = sourcecode.swift; path = CachedImageView.swift; sourceTree = "<group>"; };
		2FB5A3C22BF205870091B95B /* MealPlannerViewModel.swift */ = {isa = PBXFileReference; lastKnownFileType = sourcecode.swift; path = MealPlannerViewModel.swift; sourceTree = "<group>"; };
		2FE7907B2BE3FAA900E9ABAD /* DishJourney.app */ = {isa = PBXFileReference; explicitFileType = wrapper.application; includeInIndex = 0; path = DishJourney.app; sourceTree = BUILT_PRODUCTS_DIR; };
		2FE7907E2BE3FAA900E9ABAD /* DishJourneyApp.swift */ = {isa = PBXFileReference; lastKnownFileType = sourcecode.swift; path = DishJourneyApp.swift; sourceTree = "<group>"; };
		2FE790822BE3FAAA00E9ABAD /* Assets.xcassets */ = {isa = PBXFileReference; lastKnownFileType = folder.assetcatalog; path = Assets.xcassets; sourceTree = "<group>"; };
		2FE790852BE3FAAA00E9ABAD /* Preview Assets.xcassets */ = {isa = PBXFileReference; lastKnownFileType = folder.assetcatalog; path = "Preview Assets.xcassets"; sourceTree = "<group>"; };
		2FE790932BE3FE0200E9ABAD /* Recipe.swift */ = {isa = PBXFileReference; lastKnownFileType = sourcecode.swift; path = Recipe.swift; sourceTree = "<group>"; };
		2FE790992BE49E5B00E9ABAD /* ApiService.swift */ = {isa = PBXFileReference; lastKnownFileType = sourcecode.swift; path = ApiService.swift; sourceTree = "<group>"; };
		2FE7909B2BE4A11200E9ABAD /* RecipesView.swift */ = {isa = PBXFileReference; lastKnownFileType = sourcecode.swift; path = RecipesView.swift; sourceTree = "<group>"; };
		2FE7909D2BE4A12800E9ABAD /* TagView.swift */ = {isa = PBXFileReference; lastKnownFileType = sourcecode.swift; path = TagView.swift; sourceTree = "<group>"; };
		2FE790A12BE5A9AF00E9ABAD /* ClearableTextField.swift */ = {isa = PBXFileReference; lastKnownFileType = sourcecode.swift; path = ClearableTextField.swift; sourceTree = "<group>"; };
/* End PBXFileReference section */

/* Begin PBXFrameworksBuildPhase section */
		2FE790782BE3FAA900E9ABAD /* Frameworks */ = {
			isa = PBXFrameworksBuildPhase;
			buildActionMask = 2147483647;
			files = (
			);
			runOnlyForDeploymentPostprocessing = 0;
		};
/* End PBXFrameworksBuildPhase section */

/* Begin PBXGroup section */
		2FB5A3A72BF02C380091B95B /* Recipes */ = {
			isa = PBXGroup;
			children = (
				2FB5A3A82BF02C460091B95B /* Recipe Details */,
				2FB5A3A52BF027010091B95B /* RecipeRow.swift */,
				2FE7909B2BE4A11200E9ABAD /* RecipesView.swift */,
				2FE7909D2BE4A12800E9ABAD /* TagView.swift */,
				2FE790A12BE5A9AF00E9ABAD /* ClearableTextField.swift */,
			);
			path = Recipes;
			sourceTree = "<group>";
		};
		2FB5A3A82BF02C460091B95B /* Recipe Details */ = {
			isa = PBXGroup;
			children = (
				2FB5A3A32BF020460091B95B /* RecipeDetailView.swift */,
				2FB5A3A92BF02C920091B95B /* DetailChipView.swift */,
				2FB5A3AB2BF02CC10091B95B /* CollapsibleSectionView.swift */,
			);
			path = "Recipe Details";
			sourceTree = "<group>";
		};
		2FB5A3B12BF186910091B95B /* MealPlanner */ = {
			isa = PBXGroup;
			children = (
				2FB5A3B22BF186A20091B95B /* MealPlannerView.swift */,
			);
			path = MealPlanner;
			sourceTree = "<group>";
		};
		2FB5A3B42BF186B20091B95B /* Favorites */ = {
			isa = PBXGroup;
			children = (
				2FB5A3B52BF186BA0091B95B /* FavoritesView.swift */,
			);
			path = Favorites;
			sourceTree = "<group>";
		};
		2FB5A3BD2BF1A7860091B95B /* Shared */ = {
			isa = PBXGroup;
			children = (
				2FB5A3BE2BF1A7920091B95B /* CachedImageView.swift */,
			);
			path = Shared;
			sourceTree = "<group>";
		};
		2FE790722BE3FAA900E9ABAD = {
			isa = PBXGroup;
			children = (
				2FE7907D2BE3FAA900E9ABAD /* DishJourney */,
				2FE7907C2BE3FAA900E9ABAD /* Products */,
			);
			sourceTree = "<group>";
		};
		2FE7907C2BE3FAA900E9ABAD /* Products */ = {
			isa = PBXGroup;
			children = (
				2FE7907B2BE3FAA900E9ABAD /* DishJourney.app */,
			);
			name = Products;
			sourceTree = "<group>";
		};
		2FE7907D2BE3FAA900E9ABAD /* DishJourney */ = {
			isa = PBXGroup;
			children = (
				2FE790902BE3FACD00E9ABAD /* Helpers */,
				2FE7908F2BE3FAC700E9ABAD /* Services */,
				2FE7908E2BE3FABF00E9ABAD /* ViewModel */,
				2FE7908D2BE3FABA00E9ABAD /* Model */,
				2FE7908C2BE3FAB200E9ABAD /* View */,
				2FE7907E2BE3FAA900E9ABAD /* DishJourneyApp.swift */,
				2FE790822BE3FAAA00E9ABAD /* Assets.xcassets */,
				2FE790842BE3FAAA00E9ABAD /* Preview Content */,
			);
			path = DishJourney;
			sourceTree = "<group>";
		};
		2FE790842BE3FAAA00E9ABAD /* Preview Content */ = {
			isa = PBXGroup;
			children = (
				2FE790852BE3FAAA00E9ABAD /* Preview Assets.xcassets */,
			);
			path = "Preview Content";
			sourceTree = "<group>";
		};
		2FE7908C2BE3FAB200E9ABAD /* View */ = {
			isa = PBXGroup;
			children = (
				2FB5A3BD2BF1A7860091B95B /* Shared */,
				2FB5A3B42BF186B20091B95B /* Favorites */,
				2FB5A3B12BF186910091B95B /* MealPlanner */,
				2FB5A3A72BF02C380091B95B /* Recipes */,
				2F17C3762BE8090E0092FEB9 /* SplashScreenView.swift */,
				2FB5A3AF2BF186770091B95B /* MainView.swift */,
			);
			path = View;
			sourceTree = "<group>";
		};
		2FE7908D2BE3FABA00E9ABAD /* Model */ = {
			isa = PBXGroup;
			children = (
				2FE790932BE3FE0200E9ABAD /* Recipe.swift */,
			);
			path = Model;
			sourceTree = "<group>";
		};
		2FE7908E2BE3FABF00E9ABAD /* ViewModel */ = {
			isa = PBXGroup;
			children = (
				2FB5A3B72BF18CB00091B95B /* FavoritesViewModel.swift */,
				2FB5A3B92BF193BC0091B95B /* RecipesViewModel.swift */,
				2FB5A3C22BF205870091B95B /* MealPlannerViewModel.swift */,
			);
			path = ViewModel;
			sourceTree = "<group>";
		};
		2FE7908F2BE3FAC700E9ABAD /* Services */ = {
			isa = PBXGroup;
			children = (
				2FE790992BE49E5B00E9ABAD /* ApiService.swift */,
				2FB5A3AD2BF1811F0091B95B /* FavoritesManager.swift */,
				2FB5A3BB2BF1A6B40091B95B /* ImageCache.swift */,
			);
			path = Services;
			sourceTree = "<group>";
		};
		2FE790902BE3FACD00E9ABAD /* Helpers */ = {
			isa = PBXGroup;
			children = (
			);
			path = Helpers;
			sourceTree = "<group>";
		};
/* End PBXGroup section */

/* Begin PBXNativeTarget section */
		2FE7907A2BE3FAA900E9ABAD /* DishJourney */ = {
			isa = PBXNativeTarget;
			buildConfigurationList = 2FE790892BE3FAAA00E9ABAD /* Build configuration list for PBXNativeTarget "DishJourney" */;
			buildPhases = (
				2FE790772BE3FAA900E9ABAD /* Sources */,
				2FE790782BE3FAA900E9ABAD /* Frameworks */,
				2FE790792BE3FAA900E9ABAD /* Resources */,
			);
			buildRules = (
			);
			dependencies = (
			);
			name = DishJourney;
			productName = DishJourney;
			productReference = 2FE7907B2BE3FAA900E9ABAD /* DishJourney.app */;
			productType = "com.apple.product-type.application";
		};
/* End PBXNativeTarget section */

/* Begin PBXProject section */
		2FE790732BE3FAA900E9ABAD /* Project object */ = {
			isa = PBXProject;
			attributes = {
				BuildIndependentTargetsInParallel = 1;
				LastSwiftUpdateCheck = 1530;
				LastUpgradeCheck = 1530;
				TargetAttributes = {
					2FE7907A2BE3FAA900E9ABAD = {
						CreatedOnToolsVersion = 15.3;
					};
				};
			};
			buildConfigurationList = 2FE790762BE3FAA900E9ABAD /* Build configuration list for PBXProject "DishJourney" */;
			compatibilityVersion = "Xcode 14.0";
			developmentRegion = en;
			hasScannedForEncodings = 0;
			knownRegions = (
				en,
				Base,
			);
			mainGroup = 2FE790722BE3FAA900E9ABAD;
			productRefGroup = 2FE7907C2BE3FAA900E9ABAD /* Products */;
			projectDirPath = "";
			projectRoot = "";
			targets = (
				2FE7907A2BE3FAA900E9ABAD /* DishJourney */,
			);
		};
/* End PBXProject section */

/* Begin PBXResourcesBuildPhase section */
		2FE790792BE3FAA900E9ABAD /* Resources */ = {
			isa = PBXResourcesBuildPhase;
			buildActionMask = 2147483647;
			files = (
				2FE790862BE3FAAA00E9ABAD /* Preview Assets.xcassets in Resources */,
				2FE790832BE3FAAA00E9ABAD /* Assets.xcassets in Resources */,
			);
			runOnlyForDeploymentPostprocessing = 0;
		};
/* End PBXResourcesBuildPhase section */

/* Begin PBXSourcesBuildPhase section */
		2FE790772BE3FAA900E9ABAD /* Sources */ = {
			isa = PBXSourcesBuildPhase;
			buildActionMask = 2147483647;
			files = (
				2F17C3772BE8090E0092FEB9 /* SplashScreenView.swift in Sources */,
				2FB5A3B02BF186770091B95B /* MainView.swift in Sources */,
				2FB5A3B82BF18CB00091B95B /* FavoritesViewModel.swift in Sources */,
				2FE7907F2BE3FAA900E9ABAD /* DishJourneyApp.swift in Sources */,
				2FB5A3A62BF027010091B95B /* RecipeRow.swift in Sources */,
				2FB5A3AA2BF02C920091B95B /* DetailChipView.swift in Sources */,
				2FB5A3B62BF186BA0091B95B /* FavoritesView.swift in Sources */,
				2FB5A3C32BF205870091B95B /* MealPlannerViewModel.swift in Sources */,
				2FE790A22BE5A9AF00E9ABAD /* ClearableTextField.swift in Sources */,
				2FE7909A2BE49E5B00E9ABAD /* ApiService.swift in Sources */,
				2FB5A3BA2BF193BC0091B95B /* RecipesViewModel.swift in Sources */,
				2FE790942BE3FE0200E9ABAD /* Recipe.swift in Sources */,
				2FB5A3AE2BF1811F0091B95B /* FavoritesManager.swift in Sources */,
				2FB5A3BC2BF1A6B40091B95B /* ImageCache.swift in Sources */,
				2FE7909C2BE4A11200E9ABAD /* RecipesView.swift in Sources */,
				2FB5A3B32BF186A20091B95B /* MealPlannerView.swift in Sources */,
				2FB5A3BF2BF1A7920091B95B /* CachedImageView.swift in Sources */,
				2FB5A3AC2BF02CC10091B95B /* CollapsibleSectionView.swift in Sources */,
				2FE7909E2BE4A12800E9ABAD /* TagView.swift in Sources */,
				2FB5A3A42BF020460091B95B /* RecipeDetailView.swift in Sources */,
			);
			runOnlyForDeploymentPostprocessing = 0;
		};
/* End PBXSourcesBuildPhase section */

/* Begin XCBuildConfiguration section */
		2FE790872BE3FAAA00E9ABAD /* Debug */ = {
			isa = XCBuildConfiguration;
			buildSettings = {
				ALWAYS_SEARCH_USER_PATHS = NO;
				ASSETCATALOG_COMPILER_GENERATE_SWIFT_ASSET_SYMBOL_EXTENSIONS = YES;
				CLANG_ANALYZER_NONNULL = YES;
				CLANG_ANALYZER_NUMBER_OBJECT_CONVERSION = YES_AGGRESSIVE;
				CLANG_CXX_LANGUAGE_STANDARD = "gnu++20";
				CLANG_ENABLE_MODULES = YES;
				CLANG_ENABLE_OBJC_ARC = YES;
				CLANG_ENABLE_OBJC_WEAK = YES;
				CLANG_WARN_BLOCK_CAPTURE_AUTORELEASING = YES;
				CLANG_WARN_BOOL_CONVERSION = YES;
				CLANG_WARN_COMMA = YES;
				CLANG_WARN_CONSTANT_CONVERSION = YES;
				CLANG_WARN_DEPRECATED_OBJC_IMPLEMENTATIONS = YES;
				CLANG_WARN_DIRECT_OBJC_ISA_USAGE = YES_ERROR;
				CLANG_WARN_DOCUMENTATION_COMMENTS = YES;
				CLANG_WARN_EMPTY_BODY = YES;
				CLANG_WARN_ENUM_CONVERSION = YES;
				CLANG_WARN_INFINITE_RECURSION = YES;
				CLANG_WARN_INT_CONVERSION = YES;
				CLANG_WARN_NON_LITERAL_NULL_CONVERSION = YES;
				CLANG_WARN_OBJC_IMPLICIT_RETAIN_SELF = YES;
				CLANG_WARN_OBJC_LITERAL_CONVERSION = YES;
				CLANG_WARN_OBJC_ROOT_CLASS = YES_ERROR;
				CLANG_WARN_QUOTED_INCLUDE_IN_FRAMEWORK_HEADER = YES;
				CLANG_WARN_RANGE_LOOP_ANALYSIS = YES;
				CLANG_WARN_STRICT_PROTOTYPES = YES;
				CLANG_WARN_SUSPICIOUS_MOVE = YES;
				CLANG_WARN_UNGUARDED_AVAILABILITY = YES_AGGRESSIVE;
				CLANG_WARN_UNREACHABLE_CODE = YES;
				CLANG_WARN__DUPLICATE_METHOD_MATCH = YES;
				COPY_PHASE_STRIP = NO;
				DEBUG_INFORMATION_FORMAT = dwarf;
				ENABLE_STRICT_OBJC_MSGSEND = YES;
				ENABLE_TESTABILITY = YES;
				ENABLE_USER_SCRIPT_SANDBOXING = YES;
				GCC_C_LANGUAGE_STANDARD = gnu17;
				GCC_DYNAMIC_NO_PIC = NO;
				GCC_NO_COMMON_BLOCKS = YES;
				GCC_OPTIMIZATION_LEVEL = 0;
				GCC_PREPROCESSOR_DEFINITIONS = (
					"DEBUG=1",
					"$(inherited)",
				);
				GCC_WARN_64_TO_32_BIT_CONVERSION = YES;
				GCC_WARN_ABOUT_RETURN_TYPE = YES_ERROR;
				GCC_WARN_UNDECLARED_SELECTOR = YES;
				GCC_WARN_UNINITIALIZED_AUTOS = YES_AGGRESSIVE;
				GCC_WARN_UNUSED_FUNCTION = YES;
				GCC_WARN_UNUSED_VARIABLE = YES;
				IPHONEOS_DEPLOYMENT_TARGET = 17.4;
				LOCALIZATION_PREFERS_STRING_CATALOGS = YES;
				MTL_ENABLE_DEBUG_INFO = INCLUDE_SOURCE;
				MTL_FAST_MATH = YES;
				ONLY_ACTIVE_ARCH = YES;
				SDKROOT = iphoneos;
				SWIFT_ACTIVE_COMPILATION_CONDITIONS = "DEBUG $(inherited)";
				SWIFT_OPTIMIZATION_LEVEL = "-Onone";
			};
			name = Debug;
		};
		2FE790882BE3FAAA00E9ABAD /* Release */ = {
			isa = XCBuildConfiguration;
			buildSettings = {
				ALWAYS_SEARCH_USER_PATHS = NO;
				ASSETCATALOG_COMPILER_GENERATE_SWIFT_ASSET_SYMBOL_EXTENSIONS = YES;
				CLANG_ANALYZER_NONNULL = YES;
				CLANG_ANALYZER_NUMBER_OBJECT_CONVERSION = YES_AGGRESSIVE;
				CLANG_CXX_LANGUAGE_STANDARD = "gnu++20";
				CLANG_ENABLE_MODULES = YES;
				CLANG_ENABLE_OBJC_ARC = YES;
				CLANG_ENABLE_OBJC_WEAK = YES;
				CLANG_WARN_BLOCK_CAPTURE_AUTORELEASING = YES;
				CLANG_WARN_BOOL_CONVERSION = YES;
				CLANG_WARN_COMMA = YES;
				CLANG_WARN_CONSTANT_CONVERSION = YES;
				CLANG_WARN_DEPRECATED_OBJC_IMPLEMENTATIONS = YES;
				CLANG_WARN_DIRECT_OBJC_ISA_USAGE = YES_ERROR;
				CLANG_WARN_DOCUMENTATION_COMMENTS = YES;
				CLANG_WARN_EMPTY_BODY = YES;
				CLANG_WARN_ENUM_CONVERSION = YES;
				CLANG_WARN_INFINITE_RECURSION = YES;
				CLANG_WARN_INT_CONVERSION = YES;
				CLANG_WARN_NON_LITERAL_NULL_CONVERSION = YES;
				CLANG_WARN_OBJC_IMPLICIT_RETAIN_SELF = YES;
				CLANG_WARN_OBJC_LITERAL_CONVERSION = YES;
				CLANG_WARN_OBJC_ROOT_CLASS = YES_ERROR;
				CLANG_WARN_QUOTED_INCLUDE_IN_FRAMEWORK_HEADER = YES;
				CLANG_WARN_RANGE_LOOP_ANALYSIS = YES;
				CLANG_WARN_STRICT_PROTOTYPES = YES;
				CLANG_WARN_SUSPICIOUS_MOVE = YES;
				CLANG_WARN_UNGUARDED_AVAILABILITY = YES_AGGRESSIVE;
				CLANG_WARN_UNREACHABLE_CODE = YES;
				CLANG_WARN__DUPLICATE_METHOD_MATCH = YES;
				COPY_PHASE_STRIP = NO;
				DEBUG_INFORMATION_FORMAT = "dwarf-with-dsym";
				ENABLE_NS_ASSERTIONS = NO;
				ENABLE_STRICT_OBJC_MSGSEND = YES;
				ENABLE_USER_SCRIPT_SANDBOXING = YES;
				GCC_C_LANGUAGE_STANDARD = gnu17;
				GCC_NO_COMMON_BLOCKS = YES;
				GCC_WARN_64_TO_32_BIT_CONVERSION = YES;
				GCC_WARN_ABOUT_RETURN_TYPE = YES_ERROR;
				GCC_WARN_UNDECLARED_SELECTOR = YES;
				GCC_WARN_UNINITIALIZED_AUTOS = YES_AGGRESSIVE;
				GCC_WARN_UNUSED_FUNCTION = YES;
				GCC_WARN_UNUSED_VARIABLE = YES;
				IPHONEOS_DEPLOYMENT_TARGET = 17.4;
				LOCALIZATION_PREFERS_STRING_CATALOGS = YES;
				MTL_ENABLE_DEBUG_INFO = NO;
				MTL_FAST_MATH = YES;
				SDKROOT = iphoneos;
				SWIFT_COMPILATION_MODE = wholemodule;
				VALIDATE_PRODUCT = YES;
			};
			name = Release;
		};
		2FE7908A2BE3FAAA00E9ABAD /* Debug */ = {
			isa = XCBuildConfiguration;
			buildSettings = {
				ASSETCATALOG_COMPILER_APPICON_NAME = AppIcon;
				ASSETCATALOG_COMPILER_GLOBAL_ACCENT_COLOR_NAME = AccentColor;
				CODE_SIGN_STYLE = Automatic;
				CURRENT_PROJECT_VERSION = 1;
				DEVELOPMENT_ASSET_PATHS = "\"DishJourney/Preview Content\"";
				DEVELOPMENT_TEAM = H5K8CL3D92;
				ENABLE_PREVIEWS = YES;
				GENERATE_INFOPLIST_FILE = YES;
				INFOPLIST_KEY_UIApplicationSceneManifest_Generation = YES;
				INFOPLIST_KEY_UIApplicationSupportsIndirectInputEvents = YES;
				INFOPLIST_KEY_UILaunchScreen_Generation = YES;
				INFOPLIST_KEY_UILaunchStoryboardName = SplashScreenView;
				INFOPLIST_KEY_UISupportedInterfaceOrientations_iPad = "UIInterfaceOrientationPortrait UIInterfaceOrientationPortraitUpsideDown UIInterfaceOrientationLandscapeLeft UIInterfaceOrientationLandscapeRight";
				INFOPLIST_KEY_UISupportedInterfaceOrientations_iPhone = "UIInterfaceOrientationPortrait UIInterfaceOrientationLandscapeLeft UIInterfaceOrientationLandscapeRight";
				LD_RUNPATH_SEARCH_PATHS = (
					"$(inherited)",
					"@executable_path/Frameworks",
				);
				MARKETING_VERSION = 1.0;
				PRODUCT_BUNDLE_IDENTIFIER = com.mzellhuber.DishJourney;
				PRODUCT_NAME = "$(TARGET_NAME)";
				SWIFT_EMIT_LOC_STRINGS = YES;
				SWIFT_VERSION = 5.0;
				TARGETED_DEVICE_FAMILY = "1,2";
			};
			name = Debug;
		};
		2FE7908B2BE3FAAA00E9ABAD /* Release */ = {
			isa = XCBuildConfiguration;
			buildSettings = {
				ASSETCATALOG_COMPILER_APPICON_NAME = AppIcon;
				ASSETCATALOG_COMPILER_GLOBAL_ACCENT_COLOR_NAME = AccentColor;
				CODE_SIGN_STYLE = Automatic;
				CURRENT_PROJECT_VERSION = 1;
				DEVELOPMENT_ASSET_PATHS = "\"DishJourney/Preview Content\"";
				DEVELOPMENT_TEAM = H5K8CL3D92;
				ENABLE_PREVIEWS = YES;
				GENERATE_INFOPLIST_FILE = YES;
				INFOPLIST_KEY_UIApplicationSceneManifest_Generation = YES;
				INFOPLIST_KEY_UIApplicationSupportsIndirectInputEvents = YES;
				INFOPLIST_KEY_UILaunchScreen_Generation = YES;
				INFOPLIST_KEY_UILaunchStoryboardName = SplashScreenView;
				INFOPLIST_KEY_UISupportedInterfaceOrientations_iPad = "UIInterfaceOrientationPortrait UIInterfaceOrientationPortraitUpsideDown UIInterfaceOrientationLandscapeLeft UIInterfaceOrientationLandscapeRight";
				INFOPLIST_KEY_UISupportedInterfaceOrientations_iPhone = "UIInterfaceOrientationPortrait UIInterfaceOrientationLandscapeLeft UIInterfaceOrientationLandscapeRight";
				LD_RUNPATH_SEARCH_PATHS = (
					"$(inherited)",
					"@executable_path/Frameworks",
				);
				MARKETING_VERSION = 1.0;
				PRODUCT_BUNDLE_IDENTIFIER = com.mzellhuber.DishJourney;
				PRODUCT_NAME = "$(TARGET_NAME)";
				SWIFT_EMIT_LOC_STRINGS = YES;
				SWIFT_VERSION = 5.0;
				TARGETED_DEVICE_FAMILY = "1,2";
			};
			name = Release;
		};
/* End XCBuildConfiguration section */

/* Begin XCConfigurationList section */
		2FE790762BE3FAA900E9ABAD /* Build configuration list for PBXProject "DishJourney" */ = {
			isa = XCConfigurationList;
			buildConfigurations = (
				2FE790872BE3FAAA00E9ABAD /* Debug */,
				2FE790882BE3FAAA00E9ABAD /* Release */,
			);
			defaultConfigurationIsVisible = 0;
			defaultConfigurationName = Release;
		};
		2FE790892BE3FAAA00E9ABAD /* Build configuration list for PBXNativeTarget "DishJourney" */ = {
			isa = XCConfigurationList;
			buildConfigurations = (
				2FE7908A2BE3FAAA00E9ABAD /* Debug */,
				2FE7908B2BE3FAAA00E9ABAD /* Release */,
			);
			defaultConfigurationIsVisible = 0;
			defaultConfigurationName = Release;
		};
/* End XCConfigurationList section */
	};
	rootObject = 2FE790732BE3FAA900E9ABAD /* Project object */;
}
