// !$*UTF8*$!
{
	archiveVersion = 1;
	classes = {
	};
	objectVersion = 56;
	objects = {

/* Begin PBXBuildFile section */
		2FE4B0242B9D4A67001D0D62 /* Pexels_ViewerApp.swift in Sources */ = {isa = PBXBuildFile; fileRef = 2FE4B0232B9D4A67001D0D62 /* Pexels_ViewerApp.swift */; };
		2FE4B0282B9D4A69001D0D62 /* Assets.xcassets in Resources */ = {isa = PBXBuildFile; fileRef = 2FE4B0272B9D4A69001D0D62 /* Assets.xcassets */; };
		2FE4B02B2B9D4A69001D0D62 /* Preview Assets.xcassets in Resources */ = {isa = PBXBuildFile; fileRef = 2FE4B02A2B9D4A69001D0D62 /* Preview Assets.xcassets */; };
		2FE4B0352B9D4AE9001D0D62 /* Pexels-Info.plist in Resources */ = {isa = PBXBuildFile; fileRef = 2FE4B0342B9D4AE9001D0D62 /* Pexels-Info.plist */; };
		2FE4B0372B9D4CA9001D0D62 /* ConfigManager.swift in Sources */ = {isa = PBXBuildFile; fileRef = 2FE4B0362B9D4CA9001D0D62 /* ConfigManager.swift */; };
		2FE4B03A2B9E14EE001D0D62 /* PexelsResponse.swift in Sources */ = {isa = PBXBuildFile; fileRef = 2FE4B0392B9E14EE001D0D62 /* PexelsResponse.swift */; };
		2FE4B03C2B9E14FC001D0D62 /* Photo.swift in Sources */ = {isa = PBXBuildFile; fileRef = 2FE4B03B2B9E14FC001D0D62 /* Photo.swift */; };
		2FE4B03E2B9E150A001D0D62 /* PhotoSource.swift in Sources */ = {isa = PBXBuildFile; fileRef = 2FE4B03D2B9E150A001D0D62 /* PhotoSource.swift */; };
		2FE4B0402B9E16F2001D0D62 /* PexelsStore.swift in Sources */ = {isa = PBXBuildFile; fileRef = 2FE4B03F2B9E16F2001D0D62 /* PexelsStore.swift */; };
		2FE4B0422B9E190F001D0D62 /* SearchView.swift in Sources */ = {isa = PBXBuildFile; fileRef = 2FE4B0412B9E190F001D0D62 /* SearchView.swift */; };
		2FE4B0442B9E1924001D0D62 /* DetailView.swift in Sources */ = {isa = PBXBuildFile; fileRef = 2FE4B0432B9E1924001D0D62 /* DetailView.swift */; };
		2FE4B0472B9E1949001D0D62 /* SearchViewModel.swift in Sources */ = {isa = PBXBuildFile; fileRef = 2FE4B0462B9E1949001D0D62 /* SearchViewModel.swift */; };
		2FEFE9C12B9E7CEB00AB4F7C /* EmptyStateView.swift in Sources */ = {isa = PBXBuildFile; fileRef = 2FEFE9C02B9E7CEB00AB4F7C /* EmptyStateView.swift */; };
/* End PBXBuildFile section */

/* Begin PBXFileReference section */
		2FE4B0202B9D4A67001D0D62 /* Pexels Viewer.app */ = {isa = PBXFileReference; explicitFileType = wrapper.application; includeInIndex = 0; path = "Pexels Viewer.app"; sourceTree = BUILT_PRODUCTS_DIR; };
		2FE4B0232B9D4A67001D0D62 /* Pexels_ViewerApp.swift */ = {isa = PBXFileReference; lastKnownFileType = sourcecode.swift; path = Pexels_ViewerApp.swift; sourceTree = "<group>"; };
		2FE4B0272B9D4A69001D0D62 /* Assets.xcassets */ = {isa = PBXFileReference; lastKnownFileType = folder.assetcatalog; path = Assets.xcassets; sourceTree = "<group>"; };
		2FE4B02A2B9D4A69001D0D62 /* Preview Assets.xcassets */ = {isa = PBXFileReference; lastKnownFileType = folder.assetcatalog; path = "Preview Assets.xcassets"; sourceTree = "<group>"; };
		2FE4B0342B9D4AE9001D0D62 /* Pexels-Info.plist */ = {isa = PBXFileReference; lastKnownFileType = text.plist.xml; path = "Pexels-Info.plist"; sourceTree = "<group>"; };
		2FE4B0362B9D4CA9001D0D62 /* ConfigManager.swift */ = {isa = PBXFileReference; lastKnownFileType = sourcecode.swift; path = ConfigManager.swift; sourceTree = "<group>"; };
		2FE4B0392B9E14EE001D0D62 /* PexelsResponse.swift */ = {isa = PBXFileReference; lastKnownFileType = sourcecode.swift; path = PexelsResponse.swift; sourceTree = "<group>"; };
		2FE4B03B2B9E14FC001D0D62 /* Photo.swift */ = {isa = PBXFileReference; lastKnownFileType = sourcecode.swift; path = Photo.swift; sourceTree = "<group>"; };
		2FE4B03D2B9E150A001D0D62 /* PhotoSource.swift */ = {isa = PBXFileReference; lastKnownFileType = sourcecode.swift; path = PhotoSource.swift; sourceTree = "<group>"; };
		2FE4B03F2B9E16F2001D0D62 /* PexelsStore.swift */ = {isa = PBXFileReference; lastKnownFileType = sourcecode.swift; path = PexelsStore.swift; sourceTree = "<group>"; };
		2FE4B0412B9E190F001D0D62 /* SearchView.swift */ = {isa = PBXFileReference; lastKnownFileType = sourcecode.swift; path = SearchView.swift; sourceTree = "<group>"; };
		2FE4B0432B9E1924001D0D62 /* DetailView.swift */ = {isa = PBXFileReference; lastKnownFileType = sourcecode.swift; path = DetailView.swift; sourceTree = "<group>"; };
		2FE4B0462B9E1949001D0D62 /* SearchViewModel.swift */ = {isa = PBXFileReference; lastKnownFileType = sourcecode.swift; path = SearchViewModel.swift; sourceTree = "<group>"; };
		2FEFE9C02B9E7CEB00AB4F7C /* EmptyStateView.swift */ = {isa = PBXFileReference; lastKnownFileType = sourcecode.swift; path = EmptyStateView.swift; sourceTree = "<group>"; };
/* End PBXFileReference section */

/* Begin PBXFrameworksBuildPhase section */
		2FE4B01D2B9D4A67001D0D62 /* Frameworks */ = {
			isa = PBXFrameworksBuildPhase;
			buildActionMask = 2147483647;
			files = (
			);
			runOnlyForDeploymentPostprocessing = 0;
		};
/* End PBXFrameworksBuildPhase section */

/* Begin PBXGroup section */
		2FE4B0172B9D4A67001D0D62 = {
			isa = PBXGroup;
			children = (
				2FE4B0342B9D4AE9001D0D62 /* Pexels-Info.plist */,
				2FE4B0222B9D4A67001D0D62 /* Pexels Viewer */,
				2FE4B0212B9D4A67001D0D62 /* Products */,
			);
			sourceTree = "<group>";
		};
		2FE4B0212B9D4A67001D0D62 /* Products */ = {
			isa = PBXGroup;
			children = (
				2FE4B0202B9D4A67001D0D62 /* Pexels Viewer.app */,
			);
			name = Products;
			sourceTree = "<group>";
		};
		2FE4B0222B9D4A67001D0D62 /* Pexels Viewer */ = {
			isa = PBXGroup;
			children = (
				2FE4B0452B9E193E001D0D62 /* ViewModel */,
				2FE4B0382B9D4CFC001D0D62 /* Utils */,
				2FE4B0332B9D4A99001D0D62 /* Store */,
				2FE4B0322B9D4A95001D0D62 /* View */,
				2FE4B0312B9D4A90001D0D62 /* Model */,
				2FE4B0232B9D4A67001D0D62 /* Pexels_ViewerApp.swift */,
				2FE4B0272B9D4A69001D0D62 /* Assets.xcassets */,
				2FE4B0292B9D4A69001D0D62 /* Preview Content */,
			);
			path = "Pexels Viewer";
			sourceTree = "<group>";
		};
		2FE4B0292B9D4A69001D0D62 /* Preview Content */ = {
			isa = PBXGroup;
			children = (
				2FE4B02A2B9D4A69001D0D62 /* Preview Assets.xcassets */,
			);
			path = "Preview Content";
			sourceTree = "<group>";
		};
		2FE4B0312B9D4A90001D0D62 /* Model */ = {
			isa = PBXGroup;
			children = (
				2FE4B0392B9E14EE001D0D62 /* PexelsResponse.swift */,
				2FE4B03B2B9E14FC001D0D62 /* Photo.swift */,
				2FE4B03D2B9E150A001D0D62 /* PhotoSource.swift */,
			);
			path = Model;
			sourceTree = "<group>";
		};
		2FE4B0322B9D4A95001D0D62 /* View */ = {
			isa = PBXGroup;
			children = (
				2FE4B0412B9E190F001D0D62 /* SearchView.swift */,
				2FE4B0432B9E1924001D0D62 /* DetailView.swift */,
				2FEFE9C02B9E7CEB00AB4F7C /* EmptyStateView.swift */,
			);
			path = View;
			sourceTree = "<group>";
		};
		2FE4B0332B9D4A99001D0D62 /* Store */ = {
			isa = PBXGroup;
			children = (
				2FE4B03F2B9E16F2001D0D62 /* PexelsStore.swift */,
			);
			path = Store;
			sourceTree = "<group>";
		};
		2FE4B0382B9D4CFC001D0D62 /* Utils */ = {
			isa = PBXGroup;
			children = (
				2FE4B0362B9D4CA9001D0D62 /* ConfigManager.swift */,
			);
			path = Utils;
			sourceTree = "<group>";
		};
		2FE4B0452B9E193E001D0D62 /* ViewModel */ = {
			isa = PBXGroup;
			children = (
				2FE4B0462B9E1949001D0D62 /* SearchViewModel.swift */,
			);
			path = ViewModel;
			sourceTree = "<group>";
		};
/* End PBXGroup section */

/* Begin PBXNativeTarget section */
		2FE4B01F2B9D4A67001D0D62 /* Pexels Viewer */ = {
			isa = PBXNativeTarget;
			buildConfigurationList = 2FE4B02E2B9D4A69001D0D62 /* Build configuration list for PBXNativeTarget "Pexels Viewer" */;
			buildPhases = (
				2FE4B01C2B9D4A67001D0D62 /* Sources */,
				2FE4B01D2B9D4A67001D0D62 /* Frameworks */,
				2FE4B01E2B9D4A67001D0D62 /* Resources */,
			);
			buildRules = (
			);
			dependencies = (
			);
			name = "Pexels Viewer";
			productName = "Pexels Viewer";
			productReference = 2FE4B0202B9D4A67001D0D62 /* Pexels Viewer.app */;
			productType = "com.apple.product-type.application";
		};
/* End PBXNativeTarget section */

/* Begin PBXProject section */
		2FE4B0182B9D4A67001D0D62 /* Project object */ = {
			isa = PBXProject;
			attributes = {
				BuildIndependentTargetsInParallel = 1;
				LastSwiftUpdateCheck = 1530;
				LastUpgradeCheck = 1530;
				TargetAttributes = {
					2FE4B01F2B9D4A67001D0D62 = {
						CreatedOnToolsVersion = 15.3;
					};
				};
			};
			buildConfigurationList = 2FE4B01B2B9D4A67001D0D62 /* Build configuration list for PBXProject "Pexels Viewer" */;
			compatibilityVersion = "Xcode 14.0";
			developmentRegion = en;
			hasScannedForEncodings = 0;
			knownRegions = (
				en,
				Base,
			);
			mainGroup = 2FE4B0172B9D4A67001D0D62;
			productRefGroup = 2FE4B0212B9D4A67001D0D62 /* Products */;
			projectDirPath = "";
			projectRoot = "";
			targets = (
				2FE4B01F2B9D4A67001D0D62 /* Pexels Viewer */,
			);
		};
/* End PBXProject section */

/* Begin PBXResourcesBuildPhase section */
		2FE4B01E2B9D4A67001D0D62 /* Resources */ = {
			isa = PBXResourcesBuildPhase;
			buildActionMask = 2147483647;
			files = (
				2FE4B0352B9D4AE9001D0D62 /* Pexels-Info.plist in Resources */,
				2FE4B02B2B9D4A69001D0D62 /* Preview Assets.xcassets in Resources */,
				2FE4B0282B9D4A69001D0D62 /* Assets.xcassets in Resources */,
			);
			runOnlyForDeploymentPostprocessing = 0;
		};
/* End PBXResourcesBuildPhase section */

/* Begin PBXSourcesBuildPhase section */
		2FE4B01C2B9D4A67001D0D62 /* Sources */ = {
			isa = PBXSourcesBuildPhase;
			buildActionMask = 2147483647;
			files = (
				2FE4B03E2B9E150A001D0D62 /* PhotoSource.swift in Sources */,
				2FE4B0442B9E1924001D0D62 /* DetailView.swift in Sources */,
				2FEFE9C12B9E7CEB00AB4F7C /* EmptyStateView.swift in Sources */,
				2FE4B0242B9D4A67001D0D62 /* Pexels_ViewerApp.swift in Sources */,
				2FE4B0372B9D4CA9001D0D62 /* ConfigManager.swift in Sources */,
				2FE4B0422B9E190F001D0D62 /* SearchView.swift in Sources */,
				2FE4B0402B9E16F2001D0D62 /* PexelsStore.swift in Sources */,
				2FE4B0472B9E1949001D0D62 /* SearchViewModel.swift in Sources */,
				2FE4B03A2B9E14EE001D0D62 /* PexelsResponse.swift in Sources */,
				2FE4B03C2B9E14FC001D0D62 /* Photo.swift in Sources */,
			);
			runOnlyForDeploymentPostprocessing = 0;
		};
/* End PBXSourcesBuildPhase section */

/* Begin XCBuildConfiguration section */
		2FE4B02C2B9D4A69001D0D62 /* Debug */ = {
			isa = XCBuildConfiguration;
			buildSettings = {
				ALWAYS_SEARCH_USER_PATHS = NO;
				ASSETCATALOG_COMPILER_GENERATE_SWIFT_ASSET_SYMBOL_EXTENSIONS = YES;
				CLANG_ANALYZER_NONNULL = YES;
				CLANG_ANALYZER_NUMBER_OBJECT_CONVERSION = YES_AGGRESSIVE;
				CLANG_CXX_LANGUAGE_STANDARD = "gnu++20";
				CLANG_ENABLE_MODULES = YES;
				CLANG_ENABLE_OBJC_ARC = YES;
				CLANG_ENABLE_OBJC_WEAK = YES;
				CLANG_WARN_BLOCK_CAPTURE_AUTORELEASING = YES;
				CLANG_WARN_BOOL_CONVERSION = YES;
				CLANG_WARN_COMMA = YES;
				CLANG_WARN_CONSTANT_CONVERSION = YES;
				CLANG_WARN_DEPRECATED_OBJC_IMPLEMENTATIONS = YES;
				CLANG_WARN_DIRECT_OBJC_ISA_USAGE = YES_ERROR;
				CLANG_WARN_DOCUMENTATION_COMMENTS = YES;
				CLANG_WARN_EMPTY_BODY = YES;
				CLANG_WARN_ENUM_CONVERSION = YES;
				CLANG_WARN_INFINITE_RECURSION = YES;
				CLANG_WARN_INT_CONVERSION = YES;
				CLANG_WARN_NON_LITERAL_NULL_CONVERSION = YES;
				CLANG_WARN_OBJC_IMPLICIT_RETAIN_SELF = YES;
				CLANG_WARN_OBJC_LITERAL_CONVERSION = YES;
				CLANG_WARN_OBJC_ROOT_CLASS = YES_ERROR;
				CLANG_WARN_QUOTED_INCLUDE_IN_FRAMEWORK_HEADER = YES;
				CLANG_WARN_RANGE_LOOP_ANALYSIS = YES;
				CLANG_WARN_STRICT_PROTOTYPES = YES;
				CLANG_WARN_SUSPICIOUS_MOVE = YES;
				CLANG_WARN_UNGUARDED_AVAILABILITY = YES_AGGRESSIVE;
				CLANG_WARN_UNREACHABLE_CODE = YES;
				CLANG_WARN__DUPLICATE_METHOD_MATCH = YES;
				COPY_PHASE_STRIP = NO;
				DEBUG_INFORMATION_FORMAT = dwarf;
				ENABLE_STRICT_OBJC_MSGSEND = YES;
				ENABLE_TESTABILITY = YES;
				ENABLE_USER_SCRIPT_SANDBOXING = YES;
				GCC_C_LANGUAGE_STANDARD = gnu17;
				GCC_DYNAMIC_NO_PIC = NO;
				GCC_NO_COMMON_BLOCKS = YES;
				GCC_OPTIMIZATION_LEVEL = 0;
				GCC_PREPROCESSOR_DEFINITIONS = (
					"DEBUG=1",
					"$(inherited)",
				);
				GCC_WARN_64_TO_32_BIT_CONVERSION = YES;
				GCC_WARN_ABOUT_RETURN_TYPE = YES_ERROR;
				GCC_WARN_UNDECLARED_SELECTOR = YES;
				GCC_WARN_UNINITIALIZED_AUTOS = YES_AGGRESSIVE;
				GCC_WARN_UNUSED_FUNCTION = YES;
				GCC_WARN_UNUSED_VARIABLE = YES;
				IPHONEOS_DEPLOYMENT_TARGET = 17.4;
				LOCALIZATION_PREFERS_STRING_CATALOGS = YES;
				MTL_ENABLE_DEBUG_INFO = INCLUDE_SOURCE;
				MTL_FAST_MATH = YES;
				ONLY_ACTIVE_ARCH = YES;
				SDKROOT = iphoneos;
				SWIFT_ACTIVE_COMPILATION_CONDITIONS = "DEBUG $(inherited)";
				SWIFT_OPTIMIZATION_LEVEL = "-Onone";
			};
			name = Debug;
		};
		2FE4B02D2B9D4A69001D0D62 /* Release */ = {
			isa = XCBuildConfiguration;
			buildSettings = {
				ALWAYS_SEARCH_USER_PATHS = NO;
				ASSETCATALOG_COMPILER_GENERATE_SWIFT_ASSET_SYMBOL_EXTENSIONS = YES;
				CLANG_ANALYZER_NONNULL = YES;
				CLANG_ANALYZER_NUMBER_OBJECT_CONVERSION = YES_AGGRESSIVE;
				CLANG_CXX_LANGUAGE_STANDARD = "gnu++20";
				CLANG_ENABLE_MODULES = YES;
				CLANG_ENABLE_OBJC_ARC = YES;
				CLANG_ENABLE_OBJC_WEAK = YES;
				CLANG_WARN_BLOCK_CAPTURE_AUTORELEASING = YES;
				CLANG_WARN_BOOL_CONVERSION = YES;
				CLANG_WARN_COMMA = YES;
				CLANG_WARN_CONSTANT_CONVERSION = YES;
				CLANG_WARN_DEPRECATED_OBJC_IMPLEMENTATIONS = YES;
				CLANG_WARN_DIRECT_OBJC_ISA_USAGE = YES_ERROR;
				CLANG_WARN_DOCUMENTATION_COMMENTS = YES;
				CLANG_WARN_EMPTY_BODY = YES;
				CLANG_WARN_ENUM_CONVERSION = YES;
				CLANG_WARN_INFINITE_RECURSION = YES;
				CLANG_WARN_INT_CONVERSION = YES;
				CLANG_WARN_NON_LITERAL_NULL_CONVERSION = YES;
				CLANG_WARN_OBJC_IMPLICIT_RETAIN_SELF = YES;
				CLANG_WARN_OBJC_LITERAL_CONVERSION = YES;
				CLANG_WARN_OBJC_ROOT_CLASS = YES_ERROR;
				CLANG_WARN_QUOTED_INCLUDE_IN_FRAMEWORK_HEADER = YES;
				CLANG_WARN_RANGE_LOOP_ANALYSIS = YES;
				CLANG_WARN_STRICT_PROTOTYPES = YES;
				CLANG_WARN_SUSPICIOUS_MOVE = YES;
				CLANG_WARN_UNGUARDED_AVAILABILITY = YES_AGGRESSIVE;
				CLANG_WARN_UNREACHABLE_CODE = YES;
				CLANG_WARN__DUPLICATE_METHOD_MATCH = YES;
				COPY_PHASE_STRIP = NO;
				DEBUG_INFORMATION_FORMAT = "dwarf-with-dsym";
				ENABLE_NS_ASSERTIONS = NO;
				ENABLE_STRICT_OBJC_MSGSEND = YES;
				ENABLE_USER_SCRIPT_SANDBOXING = YES;
				GCC_C_LANGUAGE_STANDARD = gnu17;
				GCC_NO_COMMON_BLOCKS = YES;
				GCC_WARN_64_TO_32_BIT_CONVERSION = YES;
				GCC_WARN_ABOUT_RETURN_TYPE = YES_ERROR;
				GCC_WARN_UNDECLARED_SELECTOR = YES;
				GCC_WARN_UNINITIALIZED_AUTOS = YES_AGGRESSIVE;
				GCC_WARN_UNUSED_FUNCTION = YES;
				GCC_WARN_UNUSED_VARIABLE = YES;
				IPHONEOS_DEPLOYMENT_TARGET = 17.4;
				LOCALIZATION_PREFERS_STRING_CATALOGS = YES;
				MTL_ENABLE_DEBUG_INFO = NO;
				MTL_FAST_MATH = YES;
				SDKROOT = iphoneos;
				SWIFT_COMPILATION_MODE = wholemodule;
				VALIDATE_PRODUCT = YES;
			};
			name = Release;
		};
		2FE4B02F2B9D4A69001D0D62 /* Debug */ = {
			isa = XCBuildConfiguration;
			buildSettings = {
				ASSETCATALOG_COMPILER_APPICON_NAME = AppIcon;
				ASSETCATALOG_COMPILER_GLOBAL_ACCENT_COLOR_NAME = AccentColor;
				CODE_SIGN_STYLE = Automatic;
				CURRENT_PROJECT_VERSION = 1;
				DEVELOPMENT_ASSET_PATHS = "\"Pexels Viewer/Preview Content\"";
				DEVELOPMENT_TEAM = H5K8CL3D92;
				ENABLE_PREVIEWS = YES;
				GENERATE_INFOPLIST_FILE = YES;
				INFOPLIST_KEY_UIApplicationSceneManifest_Generation = YES;
				INFOPLIST_KEY_UIApplicationSupportsIndirectInputEvents = YES;
				INFOPLIST_KEY_UILaunchScreen_Generation = YES;
				INFOPLIST_KEY_UISupportedInterfaceOrientations_iPad = "UIInterfaceOrientationPortrait UIInterfaceOrientationPortraitUpsideDown UIInterfaceOrientationLandscapeLeft UIInterfaceOrientationLandscapeRight";
				INFOPLIST_KEY_UISupportedInterfaceOrientations_iPhone = "UIInterfaceOrientationPortrait UIInterfaceOrientationLandscapeLeft UIInterfaceOrientationLandscapeRight";
				LD_RUNPATH_SEARCH_PATHS = (
					"$(inherited)",
					"@executable_path/Frameworks",
				);
				MARKETING_VERSION = 1.0;
				PRODUCT_BUNDLE_IDENTIFIER = "com.mzellhuber.Pexels-Viewer";
				PRODUCT_NAME = "$(TARGET_NAME)";
				SWIFT_EMIT_LOC_STRINGS = YES;
				SWIFT_VERSION = 5.0;
				TARGETED_DEVICE_FAMILY = "1,2";
			};
			name = Debug;
		};
		2FE4B0302B9D4A69001D0D62 /* Release */ = {
			isa = XCBuildConfiguration;
			buildSettings = {
				ASSETCATALOG_COMPILER_APPICON_NAME = AppIcon;
				ASSETCATALOG_COMPILER_GLOBAL_ACCENT_COLOR_NAME = AccentColor;
				CODE_SIGN_STYLE = Automatic;
				CURRENT_PROJECT_VERSION = 1;
				DEVELOPMENT_ASSET_PATHS = "\"Pexels Viewer/Preview Content\"";
				DEVELOPMENT_TEAM = H5K8CL3D92;
				ENABLE_PREVIEWS = YES;
				GENERATE_INFOPLIST_FILE = YES;
				INFOPLIST_KEY_UIApplicationSceneManifest_Generation = YES;
				INFOPLIST_KEY_UIApplicationSupportsIndirectInputEvents = YES;
				INFOPLIST_KEY_UILaunchScreen_Generation = YES;
				INFOPLIST_KEY_UISupportedInterfaceOrientations_iPad = "UIInterfaceOrientationPortrait UIInterfaceOrientationPortraitUpsideDown UIInterfaceOrientationLandscapeLeft UIInterfaceOrientationLandscapeRight";
				INFOPLIST_KEY_UISupportedInterfaceOrientations_iPhone = "UIInterfaceOrientationPortrait UIInterfaceOrientationLandscapeLeft UIInterfaceOrientationLandscapeRight";
				LD_RUNPATH_SEARCH_PATHS = (
					"$(inherited)",
					"@executable_path/Frameworks",
				);
				MARKETING_VERSION = 1.0;
				PRODUCT_BUNDLE_IDENTIFIER = "com.mzellhuber.Pexels-Viewer";
				PRODUCT_NAME = "$(TARGET_NAME)";
				SWIFT_EMIT_LOC_STRINGS = YES;
				SWIFT_VERSION = 5.0;
				TARGETED_DEVICE_FAMILY = "1,2";
			};
			name = Release;
		};
/* End XCBuildConfiguration section */

/* Begin XCConfigurationList section */
		2FE4B01B2B9D4A67001D0D62 /* Build configuration list for PBXProject "Pexels Viewer" */ = {
			isa = XCConfigurationList;
			buildConfigurations = (
				2FE4B02C2B9D4A69001D0D62 /* Debug */,
				2FE4B02D2B9D4A69001D0D62 /* Release */,
			);
			defaultConfigurationIsVisible = 0;
			defaultConfigurationName = Release;
		};
		2FE4B02E2B9D4A69001D0D62 /* Build configuration list for PBXNativeTarget "Pexels Viewer" */ = {
			isa = XCConfigurationList;
			buildConfigurations = (
				2FE4B02F2B9D4A69001D0D62 /* Debug */,
				2FE4B0302B9D4A69001D0D62 /* Release */,
			);
			defaultConfigurationIsVisible = 0;
			defaultConfigurationName = Release;
		};
/* End XCConfigurationList section */
	};
	rootObject = 2FE4B0182B9D4A67001D0D62 /* Project object */;
}
